{
  "requires": true,
  "lockfileVersion": 1,
  "dependencies": {
    "clipboard-polyfill": {
      "version": "3.0.1",
      "resolved": "https://registry.npmjs.org/clipboard-polyfill/-/clipboard-polyfill-3.0.1.tgz",
      "integrity": "sha512-R/uxBa8apxLJArzpFpuTLqavUcnEX8bezZKSuqkwz7Kny2BmxyKDslYGdrKiasKuD+mU1noF7Lkt/p5pyDqFoQ=="
    }
  }
}
